
Microsoft Visual Studio Solution File, Format Version 12.00
# Visual Studio Version 17
VisualStudioVersion = 17.7.34202.233
MinimumVisualStudioVersion = 10.0.40219.1
Project("{FAE04EC0-301F-11D3-BF4B-00C04F79EFBC}") = "ECommerce.API", "ECommerce\ECommerce.API.csproj", "{9E955A4F-0ACC-401A-9B0A-09278D706ADE}"
EndProject
Project("{FAE04EC0-301F-11D3-BF4B-00C04F79EFBC}") = "ECommerce.Business", "ECommerce.Business\ECommerce.Business.csproj", "{753F1B30-5E3D-42A8-A554-05C7E6EF0486}"
EndProject
Project("{FAE04EC0-301F-11D3-BF4B-00C04F79EFBC}") = "ECommerce.DTO", "ECommerce.DTO\ECommerce.DTO.csproj", "{27E46424-7A04-41E0-8911-602A90AAE0A4}"
EndProject
Project("{FAE04EC0-301F-11D3-BF4B-00C04F79EFBC}") = "ECommerce.Core", "ECommerce.Core\ECommerce.Core.csproj", "{27977A7B-AC2F-49F7-98D8-FD34B404F032}"
EndProject
Project("{FAE04EC0-301F-11D3-BF4B-00C04F79EFBC}") = "ECommerce.Repository", "ECommerce.Repository\ECommerce.Repository.csproj", "{DF3C64DF-AC3D-456B-AB89-87D8E56AA679}"
EndProject
Global
	GlobalSection(SolutionConfigurationPlatforms) = preSolution
		Debug|Any CPU = Debug|Any CPU
		Release|Any CPU = Release|Any CPU
	EndGlobalSection
	GlobalSection(ProjectConfigurationPlatforms) = postSolution
		{9E955A4F-0ACC-401A-9B0A-09278D706ADE}.Debug|Any CPU.ActiveCfg = Debug|Any CPU
		{9E955A4F-0ACC-401A-9B0A-09278D706ADE}.Debug|Any CPU.Build.0 = Debug|Any CPU
		{9E955A4F-0ACC-401A-9B0A-09278D706ADE}.Release|Any CPU.ActiveCfg = Release|Any CPU
		{9E955A4F-0ACC-401A-9B0A-09278D706ADE}.Release|Any CPU.Build.0 = Release|Any CPU
		{753F1B30-5E3D-42A8-A554-05C7E6EF0486}.Debug|Any CPU.ActiveCfg = Debug|Any CPU
		{753F1B30-5E3D-42A8-A554-05C7E6EF0486}.Debug|Any CPU.Build.0 = Debug|Any CPU
		{753F1B30-5E3D-42A8-A554-05C7E6EF0486}.Release|Any CPU.ActiveCfg = Release|Any CPU
		{753F1B30-5E3D-42A8-A554-05C7E6EF0486}.Release|Any CPU.Build.0 = Release|Any CPU
		{27E46424-7A04-41E0-8911-602A90AAE0A4}.Debug|Any CPU.ActiveCfg = Debug|Any CPU
		{27E46424-7A04-41E0-8911-602A90AAE0A4}.Debug|Any CPU.Build.0 = Debug|Any CPU
		{27E46424-7A04-41E0-8911-602A90AAE0A4}.Release|Any CPU.ActiveCfg = Release|Any CPU
		{27E46424-7A04-41E0-8911-602A90AAE0A4}.Release|Any CPU.Build.0 = Release|Any CPU
		{27977A7B-AC2F-49F7-98D8-FD34B404F032}.Debug|Any CPU.ActiveCfg = Debug|Any CPU
		{27977A7B-AC2F-49F7-98D8-FD34B404F032}.Debug|Any CPU.Build.0 = Debug|Any CPU
		{27977A7B-AC2F-49F7-98D8-FD34B404F032}.Release|Any CPU.ActiveCfg = Release|Any CPU
		{27977A7B-AC2F-49F7-98D8-FD34B404F032}.Release|Any CPU.Build.0 = Release|Any CPU
		{DF3C64DF-AC3D-456B-AB89-87D8E56AA679}.Debug|Any CPU.ActiveCfg = Debug|Any CPU
		{DF3C64DF-AC3D-456B-AB89-87D8E56AA679}.Debug|Any CPU.Build.0 = Debug|Any CPU
		{DF3C64DF-AC3D-456B-AB89-87D8E56AA679}.Release|Any CPU.ActiveCfg = Release|Any CPU
		{DF3C64DF-AC3D-456B-AB89-87D8E56AA679}.Release|Any CPU.Build.0 = Release|Any CPU
	EndGlobalSection
	GlobalSection(SolutionProperties) = preSolution
		HideSolutionNode = FALSE
	EndGlobalSection
	GlobalSection(ExtensibilityGlobals) = postSolution
		SolutionGuid = {EFD7F811-C615-4D1B-92BC-30395B9ADD3F}
	EndGlobalSection
EndGlobal
